// !$*UTF8*$!
{
	archiveVersion = 1;
	classes = {
	};
	objectVersion = 46;
	objects = {

/* Begin PBXBuildFile section */
		136031551BBEEF0100A05B3D /* CustomTableViewCell.swift in Sources */ = {isa = PBXBuildFile; fileRef = 136031511BBEEF0100A05B3D /* CustomTableViewCell.swift */; settings = {ASSET_TAGS = (); }; };
		136031561BBEEF0100A05B3D /* DataProvider.swift in Sources */ = {isa = PBXBuildFile; fileRef = 136031521BBEEF0100A05B3D /* DataProvider.swift */; settings = {ASSET_TAGS = (); }; };
		136031571BBEEF0100A05B3D /* Photo.swift in Sources */ = {isa = PBXBuildFile; fileRef = 136031531BBEEF0100A05B3D /* Photo.swift */; settings = {ASSET_TAGS = (); }; };
		136031581BBEEF0100A05B3D /* User.swift in Sources */ = {isa = PBXBuildFile; fileRef = 136031541BBEEF0100A05B3D /* User.swift */; settings = {ASSET_TAGS = (); }; };
		136265761BBEE9AE00480314 /* AppDelegate.swift in Sources */ = {isa = PBXBuildFile; fileRef = 136265751BBEE9AE00480314 /* AppDelegate.swift */; };
		136265781BBEE9AF00480314 /* MasterViewController.swift in Sources */ = {isa = PBXBuildFile; fileRef = 136265771BBEE9AF00480314 /* MasterViewController.swift */; };
		1362657D1BBEE9AF00480314 /* Main.storyboard in Resources */ = {isa = PBXBuildFile; fileRef = 1362657B1BBEE9AF00480314 /* Main.storyboard */; };
		1362657F1BBEE9AF00480314 /* Assets.xcassets in Resources */ = {isa = PBXBuildFile; fileRef = 1362657E1BBEE9AF00480314 /* Assets.xcassets */; };
		136265821BBEE9AF00480314 /* LaunchScreen.storyboard in Resources */ = {isa = PBXBuildFile; fileRef = 136265801BBEE9AF00480314 /* LaunchScreen.storyboard */; };
		13E0F9DB1BC302BA009D8A2B /* PhotosTableViewController.swift in Sources */ = {isa = PBXBuildFile; fileRef = 13E0F9DA1BC302BA009D8A2B /* PhotosTableViewController.swift */; settings = {ASSET_TAGS = (); }; };
		13E0F9DE1BC302E8009D8A2B /* PhotoViewController.swift in Sources */ = {isa = PBXBuildFile; fileRef = 13E0F9DD1BC302E8009D8A2B /* PhotoViewController.swift */; settings = {ASSET_TAGS = (); }; };
/* End PBXBuildFile section */

/* Begin PBXFileReference section */
		136031511BBEEF0100A05B3D /* CustomTableViewCell.swift */ = {isa = PBXFileReference; fileEncoding = 4; lastKnownFileType = sourcecode.swift; path = CustomTableViewCell.swift; sourceTree = "<group>"; };
		136031521BBEEF0100A05B3D /* DataProvider.swift */ = {isa = PBXFileReference; fileEncoding = 4; lastKnownFileType = sourcecode.swift; path = DataProvider.swift; sourceTree = "<group>"; };
		136031531BBEEF0100A05B3D /* Photo.swift */ = {isa = PBXFileReference; fileEncoding = 4; lastKnownFileType = sourcecode.swift; path = Photo.swift; sourceTree = "<group>"; };
		136031541BBEEF0100A05B3D /* User.swift */ = {isa = PBXFileReference; fileEncoding = 4; lastKnownFileType = sourcecode.swift; path = User.swift; sourceTree = "<group>"; };
		136265721BBEE9AE00480314 /* kreg-photos.app */ = {isa = PBXFileReference; explicitFileType = wrapper.application; includeInIndex = 0; path = "kreg-photos.app"; sourceTree = BUILT_PRODUCTS_DIR; };
		136265751BBEE9AE00480314 /* AppDelegate.swift */ = {isa = PBXFileReference; lastKnownFileType = sourcecode.swift; path = AppDelegate.swift; sourceTree = "<group>"; };
		136265771BBEE9AF00480314 /* MasterViewController.swift */ = {isa = PBXFileReference; lastKnownFileType = sourcecode.swift; name = MasterViewController.swift; path = "kreg-photos/MasterViewController.swift"; sourceTree = "<group>"; };
		1362657C1BBEE9AF00480314 /* Base */ = {isa = PBXFileReference; lastKnownFileType = file.storyboard; name = Base; path = Base.lproj/Main.storyboard; sourceTree = "<group>"; };
		1362657E1BBEE9AF00480314 /* Assets.xcassets */ = {isa = PBXFileReference; lastKnownFileType = folder.assetcatalog; path = Assets.xcassets; sourceTree = "<group>"; };
		136265811BBEE9AF00480314 /* Base */ = {isa = PBXFileReference; lastKnownFileType = file.storyboard; name = Base; path = Base.lproj/LaunchScreen.storyboard; sourceTree = "<group>"; };
		136265831BBEE9AF00480314 /* Info.plist */ = {isa = PBXFileReference; lastKnownFileType = text.plist.xml; path = Info.plist; sourceTree = "<group>"; };
		13E0F9DA1BC302BA009D8A2B /* PhotosTableViewController.swift */ = {isa = PBXFileReference; fileEncoding = 4; lastKnownFileType = sourcecode.swift; path = PhotosTableViewController.swift; sourceTree = "<group>"; };
		13E0F9DD1BC302E8009D8A2B /* PhotoViewController.swift */ = {isa = PBXFileReference; fileEncoding = 4; lastKnownFileType = sourcecode.swift; path = PhotoViewController.swift; sourceTree = "<group>"; };
/* End PBXFileReference section */

/* Begin PBXFrameworksBuildPhase section */
		1362656F1BBEE9AE00480314 /* Frameworks */ = {
			isa = PBXFrameworksBuildPhase;
			buildActionMask = 2147483647;
			files = (
			);
			runOnlyForDeploymentPostprocessing = 0;
		};
/* End PBXFrameworksBuildPhase section */

/* Begin PBXGroup section */
		136265691BBEE9AE00480314 = {
			isa = PBXGroup;
			children = (
				13E0F9DC1BC302C6009D8A2B /* old */,
				136265741BBEE9AE00480314 /* kreg-photos */,
				136265731BBEE9AE00480314 /* Products */,
			);
			sourceTree = "<group>";
		};
		136265731BBEE9AE00480314 /* Products */ = {
			isa = PBXGroup;
			children = (
				136265721BBEE9AE00480314 /* kreg-photos.app */,
			);
			name = Products;
			sourceTree = "<group>";
		};
		136265741BBEE9AE00480314 /* kreg-photos */ = {
			isa = PBXGroup;
			children = (
				136265751BBEE9AE00480314 /* AppDelegate.swift */,
				13E0F9DA1BC302BA009D8A2B /* PhotosTableViewController.swift */,
				13E0F9DD1BC302E8009D8A2B /* PhotoViewController.swift */,
				136031511BBEEF0100A05B3D /* CustomTableViewCell.swift */,
				1362657B1BBEE9AF00480314 /* Main.storyboard */,
				1362657E1BBEE9AF00480314 /* Assets.xcassets */,
				136265801BBEE9AF00480314 /* LaunchScreen.storyboard */,
				136265831BBEE9AF00480314 /* Info.plist */,
				136031521BBEEF0100A05B3D /* DataProvider.swift */,
				136031531BBEEF0100A05B3D /* Photo.swift */,
				136031541BBEEF0100A05B3D /* User.swift */,
			);
			path = "kreg-photos";
			sourceTree = "<group>";
		};
		13E0F9DC1BC302C6009D8A2B /* old */ = {
			isa = PBXGroup;
			children = (
				136265771BBEE9AF00480314 /* MasterViewController.swift */,
			);
			name = old;
			sourceTree = "<group>";
		};
/* End PBXGroup section */

/* Begin PBXNativeTarget section */
		136265711BBEE9AE00480314 /* kreg-photos */ = {
			isa = PBXNativeTarget;
			buildConfigurationList = 136265861BBEE9AF00480314 /* Build configuration list for PBXNativeTarget "kreg-photos" */;
			buildPhases = (
				1362656E1BBEE9AE00480314 /* Sources */,
				1362656F1BBEE9AE00480314 /* Frameworks */,
				136265701BBEE9AE00480314 /* Resources */,
			);
			buildRules = (
			);
			dependencies = (
			);
			name = "kreg-photos";
			productName = "kreg-photos";
			productReference = 136265721BBEE9AE00480314 /* kreg-photos.app */;
			productType = "com.apple.product-type.application";
		};
/* End PBXNativeTarget section */

/* Begin PBXProject section */
		1362656A1BBEE9AE00480314 /* Project object */ = {
			isa = PBXProject;
			attributes = {
				LastUpgradeCheck = 0700;
				ORGANIZATIONNAME = "Kreg Holgerson";
				TargetAttributes = {
					136265711BBEE9AE00480314 = {
						CreatedOnToolsVersion = 7.0;
						DevelopmentTeam = 7LD3FH2S95;
					};
				};
			};
			buildConfigurationList = 1362656D1BBEE9AE00480314 /* Build configuration list for PBXProject "kreg-photos" */;
			compatibilityVersion = "Xcode 3.2";
			developmentRegion = English;
			hasScannedForEncodings = 0;
			knownRegions = (
				en,
				Base,
			);
			mainGroup = 136265691BBEE9AE00480314;
			productRefGroup = 136265731BBEE9AE00480314 /* Products */;
			projectDirPath = "";
			projectRoot = "";
			targets = (
				136265711BBEE9AE00480314 /* kreg-photos */,
			);
		};
/* End PBXProject section */

/* Begin PBXResourcesBuildPhase section */
		136265701BBEE9AE00480314 /* Resources */ = {
			isa = PBXResourcesBuildPhase;
			buildActionMask = 2147483647;
			files = (
				136265821BBEE9AF00480314 /* LaunchScreen.storyboard in Resources */,
				1362657F1BBEE9AF00480314 /* Assets.xcassets in Resources */,
				1362657D1BBEE9AF00480314 /* Main.storyboard in Resources */,
			);
			runOnlyForDeploymentPostprocessing = 0;
		};
/* End PBXResourcesBuildPhase section */

/* Begin PBXSourcesBuildPhase section */
		1362656E1BBEE9AE00480314 /* Sources */ = {
			isa = PBXSourcesBuildPhase;
			buildActionMask = 2147483647;
			files = (
				136031571BBEEF0100A05B3D /* Photo.swift in Sources */,
				136265781BBEE9AF00480314 /* MasterViewController.swift in Sources */,
				136031561BBEEF0100A05B3D /* DataProvider.swift in Sources */,
				136031551BBEEF0100A05B3D /* CustomTableViewCell.swift in Sources */,
				13E0F9DE1BC302E8009D8A2B /* PhotoViewController.swift in Sources */,
				136265761BBEE9AE00480314 /* AppDelegate.swift in Sources */,
				13E0F9DB1BC302BA009D8A2B /* PhotosTableViewController.swift in Sources */,
				136031581BBEEF0100A05B3D /* User.swift in Sources */,
			);
			runOnlyForDeploymentPostprocessing = 0;
		};
/* End PBXSourcesBuildPhase section */

/* Begin PBXVariantGroup section */
		1362657B1BBEE9AF00480314 /* Main.storyboard */ = {
			isa = PBXVariantGroup;
			children = (
				1362657C1BBEE9AF00480314 /* Base */,
			);
			name = Main.storyboard;
			sourceTree = "<group>";
		};
		136265801BBEE9AF00480314 /* LaunchScreen.storyboard */ = {
			isa = PBXVariantGroup;
			children = (
				136265811BBEE9AF00480314 /* Base */,
			);
			name = LaunchScreen.storyboard;
			sourceTree = "<group>";
		};
/* End PBXVariantGroup section */

/* Begin XCBuildConfiguration section */
		136265841BBEE9AF00480314 /* Debug */ = {
			isa = XCBuildConfiguration;
			buildSettings = {
				ALWAYS_SEARCH_USER_PATHS = NO;
				CLANG_CXX_LANGUAGE_STANDARD = "gnu++0x";
				CLANG_CXX_LIBRARY = "libc++";
				CLANG_ENABLE_MODULES = YES;
				CLANG_ENABLE_OBJC_ARC = YES;
				CLANG_WARN_BOOL_CONVERSION = YES;
				CLANG_WARN_CONSTANT_CONVERSION = YES;
				CLANG_WARN_DIRECT_OBJC_ISA_USAGE = YES_ERROR;
				CLANG_WARN_EMPTY_BODY = YES;
				CLANG_WARN_ENUM_CONVERSION = YES;
				CLANG_WARN_INT_CONVERSION = YES;
				CLANG_WARN_OBJC_ROOT_CLASS = YES_ERROR;
				CLANG_WARN_UNREACHABLE_CODE = YES;
				CLANG_WARN__DUPLICATE_METHOD_MATCH = YES;
				"CODE_SIGN_IDENTITY[sdk=iphoneos*]" = "iPhone Developer";
				COPY_PHASE_STRIP = NO;
				DEBUG_INFORMATION_FORMAT = dwarf;
				ENABLE_STRICT_OBJC_MSGSEND = YES;
				ENABLE_TESTABILITY = YES;
				GCC_C_LANGUAGE_STANDARD = gnu99;
				GCC_DYNAMIC_NO_PIC = NO;
				GCC_NO_COMMON_BLOCKS = YES;
				GCC_OPTIMIZATION_LEVEL = 0;
				GCC_PREPROCESSOR_DEFINITIONS = (
					"DEBUG=1",
					"$(inherited)",
				);
				GCC_WARN_64_TO_32_BIT_CONVERSION = YES;
				GCC_WARN_ABOUT_RETURN_TYPE = YES_ERROR;
				GCC_WARN_UNDECLARED_SELECTOR = YES;
				GCC_WARN_UNINITIALIZED_AUTOS = YES_AGGRESSIVE;
				GCC_WARN_UNUSED_FUNCTION = YES;
				GCC_WARN_UNUSED_VARIABLE = YES;
				IPHONEOS_DEPLOYMENT_TARGET = 9.0;
				MTL_ENABLE_DEBUG_INFO = YES;
				ONLY_ACTIVE_ARCH = YES;
				SDKROOT = iphoneos;
				SWIFT_OPTIMIZATION_LEVEL = "-Onone";
			};
			name = Debug;
		};
		136265851BBEE9AF00480314 /* Release */ = {
			isa = XCBuildConfiguration;
			buildSettings = {
				ALWAYS_SEARCH_USER_PATHS = NO;
				CLANG_CXX_LANGUAGE_STANDARD = "gnu++0x";
				CLANG_CXX_LIBRARY = "libc++";
				CLANG_ENABLE_MODULES = YES;
				CLANG_ENABLE_OBJC_ARC = YES;
				CLANG_WARN_BOOL_CONVERSION = YES;
				CLANG_WARN_CONSTANT_CONVERSION = YES;
				CLANG_WARN_DIRECT_OBJC_ISA_USAGE = YES_ERROR;
				CLANG_WARN_EMPTY_BODY = YES;
				CLANG_WARN_ENUM_CONVERSION = YES;
				CLANG_WARN_INT_CONVERSION = YES;
				CLANG_WARN_OBJC_ROOT_CLASS = YES_ERROR;
				CLANG_WARN_UNREACHABLE_CODE = YES;
				CLANG_WARN__DUPLICATE_METHOD_MATCH = YES;
				"CODE_SIGN_IDENTITY[sdk=iphoneos*]" = "iPhone Developer";
				COPY_PHASE_STRIP = NO;
				DEBUG_INFORMATION_FORMAT = "dwarf-with-dsym";
				ENABLE_NS_ASSERTIONS = NO;
				ENABLE_STRICT_OBJC_MSGSEND = YES;
				GCC_C_LANGUAGE_STANDARD = gnu99;
				GCC_NO_COMMON_BLOCKS = YES;
				GCC_WARN_64_TO_32_BIT_CONVERSION = YES;
				GCC_WARN_ABOUT_RETURN_TYPE = YES_ERROR;
				GCC_WARN_UNDECLARED_SELECTOR = YES;
				GCC_WARN_UNINITIALIZED_AUTOS = YES_AGGRESSIVE;
				GCC_WARN_UNUSED_FUNCTION = YES;
				GCC_WARN_UNUSED_VARIABLE = YES;
				IPHONEOS_DEPLOYMENT_TARGET = 9.0;
				MTL_ENABLE_DEBUG_INFO = NO;
				SDKROOT = iphoneos;
				VALIDATE_PRODUCT = YES;
			};
			name = Release;
		};
		136265871BBEE9AF00480314 /* Debug */ = {
			isa = XCBuildConfiguration;
			buildSettings = {
				ASSETCATALOG_COMPILER_APPICON_NAME = AppIcon;
				CODE_SIGN_IDENTITY = "iPhone Developer";
				"CODE_SIGN_IDENTITY[sdk=iphoneos*]" = "iPhone Developer";
				INFOPLIST_FILE = "kreg-photos/Info.plist";
				IPHONEOS_DEPLOYMENT_TARGET = 8.3;
				LD_RUNPATH_SEARCH_PATHS = "$(inherited) @executable_path/Frameworks";
				PRODUCT_BUNDLE_IDENTIFIER = "com.kregholgerson.kreg-photos";
				PRODUCT_NAME = "$(TARGET_NAME)";
				PROVISIONING_PROFILE = "";
			};
			name = Debug;
		};
		136265881BBEE9AF00480314 /* Release */ = {
			isa = XCBuildConfiguration;
			buildSettings = {
				ASSETCATALOG_COMPILER_APPICON_NAME = AppIcon;
				CODE_SIGN_IDENTITY = "iPhone Developer";
				"CODE_SIGN_IDENTITY[sdk=iphoneos*]" = "iPhone Developer";
				INFOPLIST_FILE = "kreg-photos/Info.plist";
				IPHONEOS_DEPLOYMENT_TARGET = 8.3;
				LD_RUNPATH_SEARCH_PATHS = "$(inherited) @executable_path/Frameworks";
				PRODUCT_BUNDLE_IDENTIFIER = "com.kregholgerson.kreg-photos";
				PRODUCT_NAME = "$(TARGET_NAME)";
				PROVISIONING_PROFILE = "";
			};
			name = Release;
		};
/* End XCBuildConfiguration section */

/* Begin XCConfigurationList section */
		1362656D1BBEE9AE00480314 /* Build configuration list for PBXProject "kreg-photos" */ = {
			isa = XCConfigurationList;
			buildConfigurations = (
				136265841BBEE9AF00480314 /* Debug */,
				136265851BBEE9AF00480314 /* Release */,
			);
			defaultConfigurationIsVisible = 0;
			defaultConfigurationName = Release;
		};
		136265861BBEE9AF00480314 /* Build configuration list for PBXNativeTarget "kreg-photos" */ = {
			isa = XCConfigurationList;
			buildConfigurations = (
				136265871BBEE9AF00480314 /* Debug */,
				136265881BBEE9AF00480314 /* Release */,
			);
			defaultConfigurationIsVisible = 0;
			defaultConfigurationName = Release;
		};
/* End XCConfigurationList section */
	};
	rootObject = 1362656A1BBEE9AE00480314 /* Project object */;
}
